
Microsoft Visual Studio Solution File, Format Version 12.00
# Visual Studio 15
VisualStudioVersion = 15.0.28010.2036
MinimumVisualStudioVersion = 10.0.40219.1
Project("{2150E333-8FDC-42A3-9474-1A3956D46DE8}") = "Solution Items", "Solution Items", "{2786F724-2BF0-4043-A678-CEFD7CFCD690}"
	ProjectSection(SolutionItems) = preProject
		about.html = about.html
		app.js = app.js
		app2.js = app2.js
		appGM.js = appGM.js
		featuredUsers.html = featuredUsers.html
		..\..\..\..\Desktop\heart.png = ..\..\..\..\Desktop\heart.png
		..\..\..\..\Desktop\heart.svg = ..\..\..\..\Desktop\heart.svg
		index.html = index.html
		search.html = search.html
		searchStyles.css = searchStyles.css
		styles.css = styles.css
	EndProjectSection
EndProject
Global
	GlobalSection(SolutionProperties) = preSolution
		HideSolutionNode = FALSE
	EndGlobalSection
	GlobalSection(ExtensibilityGlobals) = postSolution
		SolutionGuid = {201CAE36-F5A4-4110-93B2-3305ED92076B}
	EndGlobalSection
EndGlobal
